// !$*UTF8*$!
{
	archiveVersion = 1;
	classes = {
	};
	objectVersion = 51;
	objects = {

/* Begin PBXBuildFile section */
		4318ACD3F271D502711694A9 /* Pods_wolfpackTest.framework in Frameworks */ = {isa = PBXBuildFile; fileRef = 929E381DB1C69E17E6F15E2C /* Pods_wolfpackTest.framework */; };
		870814B423EC9676004E32A5 /* Order.swift in Sources */ = {isa = PBXBuildFile; fileRef = 870814B323EC9676004E32A5 /* Order.swift */; };
		870814B623ECAA82004E32A5 /* OrderService.swift in Sources */ = {isa = PBXBuildFile; fileRef = 870814B523ECAA82004E32A5 /* OrderService.swift */; };
		870814B823ECB795004E32A5 /* OrderController.swift in Sources */ = {isa = PBXBuildFile; fileRef = 870814B723ECB795004E32A5 /* OrderController.swift */; };
		870814BA23ECC1E8004E32A5 /* OrderViewModel.swift in Sources */ = {isa = PBXBuildFile; fileRef = 870814B923ECC1E8004E32A5 /* OrderViewModel.swift */; };
		870814BC23ECCB44004E32A5 /* TableViewCell.swift in Sources */ = {isa = PBXBuildFile; fileRef = 870814BB23ECCB44004E32A5 /* TableViewCell.swift */; };
		870814BE23ECDC75004E32A5 /* DetailViewController.swift in Sources */ = {isa = PBXBuildFile; fileRef = 870814BD23ECDC75004E32A5 /* DetailViewController.swift */; };
		870814C023ECDCA2004E32A5 /* DetailViewModel.swift in Sources */ = {isa = PBXBuildFile; fileRef = 870814BF23ECDCA2004E32A5 /* DetailViewModel.swift */; };
		870814C423F84568004E32A5 /* CustomError.swift in Sources */ = {isa = PBXBuildFile; fileRef = 870814C323F84568004E32A5 /* CustomError.swift */; };
		870814C623F8529D004E32A5 /* OrderListViewController.swift in Sources */ = {isa = PBXBuildFile; fileRef = 870814C523F8529D004E32A5 /* OrderListViewController.swift */; };
		87C6ED5223EC7E880075DDF1 /* AppDelegate.swift in Sources */ = {isa = PBXBuildFile; fileRef = 87C6ED5123EC7E880075DDF1 /* AppDelegate.swift */; };
		87C6ED5423EC7E880075DDF1 /* SceneDelegate.swift in Sources */ = {isa = PBXBuildFile; fileRef = 87C6ED5323EC7E880075DDF1 /* SceneDelegate.swift */; };
		87C6ED5923EC7E880075DDF1 /* Main.storyboard in Resources */ = {isa = PBXBuildFile; fileRef = 87C6ED5723EC7E880075DDF1 /* Main.storyboard */; };
		87C6ED5B23EC7E880075DDF1 /* Assets.xcassets in Resources */ = {isa = PBXBuildFile; fileRef = 87C6ED5A23EC7E880075DDF1 /* Assets.xcassets */; };
		87C6ED5E23EC7E880075DDF1 /* LaunchScreen.storyboard in Resources */ = {isa = PBXBuildFile; fileRef = 87C6ED5C23EC7E880075DDF1 /* LaunchScreen.storyboard */; };
/* End PBXBuildFile section */

/* Begin PBXFileReference section */
		488B0C55F5E206FDEEDF04CD /* Pods-wolfpackTest.release.xcconfig */ = {isa = PBXFileReference; includeInIndex = 1; lastKnownFileType = text.xcconfig; name = "Pods-wolfpackTest.release.xcconfig"; path = "Target Support Files/Pods-wolfpackTest/Pods-wolfpackTest.release.xcconfig"; sourceTree = "<group>"; };
		870814B323EC9676004E32A5 /* Order.swift */ = {isa = PBXFileReference; lastKnownFileType = sourcecode.swift; path = Order.swift; sourceTree = "<group>"; };
		870814B523ECAA82004E32A5 /* OrderService.swift */ = {isa = PBXFileReference; lastKnownFileType = sourcecode.swift; path = OrderService.swift; sourceTree = "<group>"; };
		870814B723ECB795004E32A5 /* OrderController.swift */ = {isa = PBXFileReference; lastKnownFileType = sourcecode.swift; path = OrderController.swift; sourceTree = "<group>"; };
		870814B923ECC1E8004E32A5 /* OrderViewModel.swift */ = {isa = PBXFileReference; lastKnownFileType = sourcecode.swift; path = OrderViewModel.swift; sourceTree = "<group>"; };
		870814BB23ECCB44004E32A5 /* TableViewCell.swift */ = {isa = PBXFileReference; lastKnownFileType = sourcecode.swift; path = TableViewCell.swift; sourceTree = "<group>"; };
		870814BD23ECDC75004E32A5 /* DetailViewController.swift */ = {isa = PBXFileReference; lastKnownFileType = sourcecode.swift; path = DetailViewController.swift; sourceTree = "<group>"; };
		870814BF23ECDCA2004E32A5 /* DetailViewModel.swift */ = {isa = PBXFileReference; lastKnownFileType = sourcecode.swift; path = DetailViewModel.swift; sourceTree = "<group>"; };
		870814C323F84568004E32A5 /* CustomError.swift */ = {isa = PBXFileReference; lastKnownFileType = sourcecode.swift; path = CustomError.swift; sourceTree = "<group>"; };
		870814C523F8529D004E32A5 /* OrderListViewController.swift */ = {isa = PBXFileReference; lastKnownFileType = sourcecode.swift; path = OrderListViewController.swift; sourceTree = "<group>"; };
		87C6ED4E23EC7E880075DDF1 /* wolfpackTest.app */ = {isa = PBXFileReference; explicitFileType = wrapper.application; includeInIndex = 0; path = wolfpackTest.app; sourceTree = BUILT_PRODUCTS_DIR; };
		87C6ED5123EC7E880075DDF1 /* AppDelegate.swift */ = {isa = PBXFileReference; lastKnownFileType = sourcecode.swift; path = AppDelegate.swift; sourceTree = "<group>"; };
		87C6ED5323EC7E880075DDF1 /* SceneDelegate.swift */ = {isa = PBXFileReference; lastKnownFileType = sourcecode.swift; path = SceneDelegate.swift; sourceTree = "<group>"; };
		87C6ED5823EC7E880075DDF1 /* Base */ = {isa = PBXFileReference; lastKnownFileType = file.storyboard; name = Base; path = Base.lproj/Main.storyboard; sourceTree = "<group>"; };
		87C6ED5A23EC7E880075DDF1 /* Assets.xcassets */ = {isa = PBXFileReference; lastKnownFileType = folder.assetcatalog; path = Assets.xcassets; sourceTree = "<group>"; };
		87C6ED5D23EC7E880075DDF1 /* Base */ = {isa = PBXFileReference; lastKnownFileType = file.storyboard; name = Base; path = Base.lproj/LaunchScreen.storyboard; sourceTree = "<group>"; };
		87C6ED5F23EC7E880075DDF1 /* Info.plist */ = {isa = PBXFileReference; lastKnownFileType = text.plist.xml; path = Info.plist; sourceTree = "<group>"; };
		929E381DB1C69E17E6F15E2C /* Pods_wolfpackTest.framework */ = {isa = PBXFileReference; explicitFileType = wrapper.framework; includeInIndex = 0; path = Pods_wolfpackTest.framework; sourceTree = BUILT_PRODUCTS_DIR; };
		C9646CB4E6A1B43B77F39BAF /* Pods-wolfpackTest.debug.xcconfig */ = {isa = PBXFileReference; includeInIndex = 1; lastKnownFileType = text.xcconfig; name = "Pods-wolfpackTest.debug.xcconfig"; path = "Target Support Files/Pods-wolfpackTest/Pods-wolfpackTest.debug.xcconfig"; sourceTree = "<group>"; };
/* End PBXFileReference section */

/* Begin PBXFrameworksBuildPhase section */
		87C6ED4B23EC7E880075DDF1 /* Frameworks */ = {
			isa = PBXFrameworksBuildPhase;
			buildActionMask = 2147483647;
			files = (
				4318ACD3F271D502711694A9 /* Pods_wolfpackTest.framework in Frameworks */,
			);
			runOnlyForDeploymentPostprocessing = 0;
		};
/* End PBXFrameworksBuildPhase section */

/* Begin PBXGroup section */
		870814AE23EC9618004E32A5 /* Model */ = {
			isa = PBXGroup;
			children = (
				870814B323EC9676004E32A5 /* Order.swift */,
			);
			path = Model;
			sourceTree = "<group>";
		};
		870814AF23EC9631004E32A5 /* Service */ = {
			isa = PBXGroup;
			children = (
				870814B523ECAA82004E32A5 /* OrderService.swift */,
			);
			path = Service;
			sourceTree = "<group>";
		};
		870814B023EC9645004E32A5 /* Controller */ = {
			isa = PBXGroup;
			children = (
				870814B723ECB795004E32A5 /* OrderController.swift */,
			);
			path = Controller;
			sourceTree = "<group>";
		};
		870814B123EC964E004E32A5 /* ViewModel */ = {
			isa = PBXGroup;
			children = (
				870814B923ECC1E8004E32A5 /* OrderViewModel.swift */,
			);
			path = ViewModel;
			sourceTree = "<group>";
		};
		870814B223EC965A004E32A5 /* ViewController */ = {
			isa = PBXGroup;
			children = (
				870814BB23ECCB44004E32A5 /* TableViewCell.swift */,
				870814C523F8529D004E32A5 /* OrderListViewController.swift */,
			);
			path = ViewController;
			sourceTree = "<group>";
		};
		870814C123F8444F004E32A5 /* Utils */ = {
			isa = PBXGroup;
			children = (
				870814C223F84459004E32A5 /* CustomError */,
			);
			path = Utils;
			sourceTree = "<group>";
		};
		870814C223F84459004E32A5 /* CustomError */ = {
			isa = PBXGroup;
			children = (
				870814C323F84568004E32A5 /* CustomError.swift */,
			);
			path = CustomError;
			sourceTree = "<group>";
		};
		870814C723F8532F004E32A5 /* OrdeList */ = {
			isa = PBXGroup;
			children = (
				870814B223EC965A004E32A5 /* ViewController */,
				870814B123EC964E004E32A5 /* ViewModel */,
			);
			path = OrdeList;
			sourceTree = "<group>";
		};
		870814C823F8534E004E32A5 /* DetailsScreen */ = {
			isa = PBXGroup;
			children = (
				870814CA23F85381004E32A5 /* ViewModels */,
				870814C923F85376004E32A5 /* ViewControllers */,
			);
			path = DetailsScreen;
			sourceTree = "<group>";
		};
		870814C923F85376004E32A5 /* ViewControllers */ = {
			isa = PBXGroup;
			children = (
				870814BD23ECDC75004E32A5 /* DetailViewController.swift */,
			);
			path = ViewControllers;
			sourceTree = "<group>";
		};
		870814CA23F85381004E32A5 /* ViewModels */ = {
			isa = PBXGroup;
			children = (
				870814BF23ECDCA2004E32A5 /* DetailViewModel.swift */,
			);
			path = ViewModels;
			sourceTree = "<group>";
		};
		87C6ED4523EC7E880075DDF1 = {
			isa = PBXGroup;
			children = (
				87C6ED5023EC7E880075DDF1 /* wolfpackTest */,
				87C6ED4F23EC7E880075DDF1 /* Products */,
				F46E47C610A9C89FCB046B4D /* Pods */,
				EE7E877376B56235A1F90428 /* Frameworks */,
			);
			sourceTree = "<group>";
		};
		87C6ED4F23EC7E880075DDF1 /* Products */ = {
			isa = PBXGroup;
			children = (
				87C6ED4E23EC7E880075DDF1 /* wolfpackTest.app */,
			);
			name = Products;
			sourceTree = "<group>";
		};
		87C6ED5023EC7E880075DDF1 /* wolfpackTest */ = {
			isa = PBXGroup;
			children = (
				87C6ED5F23EC7E880075DDF1 /* Info.plist */,
				87C6ED5A23EC7E880075DDF1 /* Assets.xcassets */,
				87C6ED5C23EC7E880075DDF1 /* LaunchScreen.storyboard */,
				87C6ED5723EC7E880075DDF1 /* Main.storyboard */,
				87C6ED5123EC7E880075DDF1 /* AppDelegate.swift */,
				87C6ED5323EC7E880075DDF1 /* SceneDelegate.swift */,
				870814C823F8534E004E32A5 /* DetailsScreen */,
				870814C723F8532F004E32A5 /* OrdeList */,
				870814C123F8444F004E32A5 /* Utils */,
				870814B023EC9645004E32A5 /* Controller */,
				870814AF23EC9631004E32A5 /* Service */,
				870814AE23EC9618004E32A5 /* Model */,
			);
			path = wolfpackTest;
			sourceTree = "<group>";
		};
		EE7E877376B56235A1F90428 /* Frameworks */ = {
			isa = PBXGroup;
			children = (
				929E381DB1C69E17E6F15E2C /* Pods_wolfpackTest.framework */,
			);
			name = Frameworks;
			sourceTree = "<group>";
		};
		F46E47C610A9C89FCB046B4D /* Pods */ = {
			isa = PBXGroup;
			children = (
				C9646CB4E6A1B43B77F39BAF /* Pods-wolfpackTest.debug.xcconfig */,
				488B0C55F5E206FDEEDF04CD /* Pods-wolfpackTest.release.xcconfig */,
			);
			path = Pods;
			sourceTree = "<group>";
		};
/* End PBXGroup section */

/* Begin PBXNativeTarget section */
		87C6ED4D23EC7E880075DDF1 /* wolfpackTest */ = {
			isa = PBXNativeTarget;
			buildConfigurationList = 87C6ED6223EC7E880075DDF1 /* Build configuration list for PBXNativeTarget "wolfpackTest" */;
			buildPhases = (
				A78B9B4F05F7919F359763D4 /* [CP] Check Pods Manifest.lock */,
				87C6ED4A23EC7E880075DDF1 /* Sources */,
				87C6ED4B23EC7E880075DDF1 /* Frameworks */,
				87C6ED4C23EC7E880075DDF1 /* Resources */,
				AF6D8BECBCF8A3E2844E0E9D /* [CP] Embed Pods Frameworks */,
			);
			buildRules = (
			);
			dependencies = (
			);
			name = wolfpackTest;
			productName = wolfpackTest;
			productReference = 87C6ED4E23EC7E880075DDF1 /* wolfpackTest.app */;
			productType = "com.apple.product-type.application";
		};
/* End PBXNativeTarget section */

/* Begin PBXProject section */
		87C6ED4623EC7E880075DDF1 /* Project object */ = {
			isa = PBXProject;
			attributes = {
				LastSwiftUpdateCheck = 1130;
				LastUpgradeCheck = 1130;
				ORGANIZATIONNAME = "Todea  Catalin";
				TargetAttributes = {
					87C6ED4D23EC7E880075DDF1 = {
						CreatedOnToolsVersion = 11.3.1;
					};
				};
			};
			buildConfigurationList = 87C6ED4923EC7E880075DDF1 /* Build configuration list for PBXProject "wolfpackTest" */;
			compatibilityVersion = "Xcode 9.3";
			developmentRegion = en;
			hasScannedForEncodings = 0;
			knownRegions = (
				en,
				Base,
			);
			mainGroup = 87C6ED4523EC7E880075DDF1;
			productRefGroup = 87C6ED4F23EC7E880075DDF1 /* Products */;
			projectDirPath = "";
			projectRoot = "";
			targets = (
				87C6ED4D23EC7E880075DDF1 /* wolfpackTest */,
			);
		};
/* End PBXProject section */

/* Begin PBXResourcesBuildPhase section */
		87C6ED4C23EC7E880075DDF1 /* Resources */ = {
			isa = PBXResourcesBuildPhase;
			buildActionMask = 2147483647;
			files = (
				87C6ED5E23EC7E880075DDF1 /* LaunchScreen.storyboard in Resources */,
				87C6ED5B23EC7E880075DDF1 /* Assets.xcassets in Resources */,
				87C6ED5923EC7E880075DDF1 /* Main.storyboard in Resources */,
			);
			runOnlyForDeploymentPostprocessing = 0;
		};
/* End PBXResourcesBuildPhase section */

/* Begin PBXShellScriptBuildPhase section */
		A78B9B4F05F7919F359763D4 /* [CP] Check Pods Manifest.lock */ = {
			isa = PBXShellScriptBuildPhase;
			buildActionMask = 2147483647;
			files = (
			);
			inputFileListPaths = (
			);
			inputPaths = (
				"${PODS_PODFILE_DIR_PATH}/Podfile.lock",
				"${PODS_ROOT}/Manifest.lock",
			);
			name = "[CP] Check Pods Manifest.lock";
			outputFileListPaths = (
			);
			outputPaths = (
				"$(DERIVED_FILE_DIR)/Pods-wolfpackTest-checkManifestLockResult.txt",
			);
			runOnlyForDeploymentPostprocessing = 0;
			shellPath = /bin/sh;
			shellScript = "diff \"${PODS_PODFILE_DIR_PATH}/Podfile.lock\" \"${PODS_ROOT}/Manifest.lock\" > /dev/null\nif [ $? != 0 ] ; then\n    # print error to STDERR\n    echo \"error: The sandbox is not in sync with the Podfile.lock. Run 'pod install' or update your CocoaPods installation.\" >&2\n    exit 1\nfi\n# This output is used by Xcode 'outputs' to avoid re-running this script phase.\necho \"SUCCESS\" > \"${SCRIPT_OUTPUT_FILE_0}\"\n";
			showEnvVarsInLog = 0;
		};
		AF6D8BECBCF8A3E2844E0E9D /* [CP] Embed Pods Frameworks */ = {
			isa = PBXShellScriptBuildPhase;
			buildActionMask = 2147483647;
			files = (
			);
			inputFileListPaths = (
				"${PODS_ROOT}/Target Support Files/Pods-wolfpackTest/Pods-wolfpackTest-frameworks-${CONFIGURATION}-input-files.xcfilelist",
			);
			name = "[CP] Embed Pods Frameworks";
			outputFileListPaths = (
				"${PODS_ROOT}/Target Support Files/Pods-wolfpackTest/Pods-wolfpackTest-frameworks-${CONFIGURATION}-output-files.xcfilelist",
			);
			runOnlyForDeploymentPostprocessing = 0;
			shellPath = /bin/sh;
			shellScript = "\"${PODS_ROOT}/Target Support Files/Pods-wolfpackTest/Pods-wolfpackTest-frameworks.sh\"\n";
			showEnvVarsInLog = 0;
		};
/* End PBXShellScriptBuildPhase section */

/* Begin PBXSourcesBuildPhase section */
		87C6ED4A23EC7E880075DDF1 /* Sources */ = {
			isa = PBXSourcesBuildPhase;
			buildActionMask = 2147483647;
			files = (
				870814BE23ECDC75004E32A5 /* DetailViewController.swift in Sources */,
				870814B823ECB795004E32A5 /* OrderController.swift in Sources */,
				870814BC23ECCB44004E32A5 /* TableViewCell.swift in Sources */,
				870814C623F8529D004E32A5 /* OrderListViewController.swift in Sources */,
				870814C023ECDCA2004E32A5 /* DetailViewModel.swift in Sources */,
				870814B623ECAA82004E32A5 /* OrderService.swift in Sources */,
				87C6ED5223EC7E880075DDF1 /* AppDelegate.swift in Sources */,
				870814C423F84568004E32A5 /* CustomError.swift in Sources */,
				870814B423EC9676004E32A5 /* Order.swift in Sources */,
				870814BA23ECC1E8004E32A5 /* OrderViewModel.swift in Sources */,
				87C6ED5423EC7E880075DDF1 /* SceneDelegate.swift in Sources */,
			);
			runOnlyForDeploymentPostprocessing = 0;
		};
/* End PBXSourcesBuildPhase section */

/* Begin PBXVariantGroup section */
		87C6ED5723EC7E880075DDF1 /* Main.storyboard */ = {
			isa = PBXVariantGroup;
			children = (
				87C6ED5823EC7E880075DDF1 /* Base */,
			);
			name = Main.storyboard;
			sourceTree = "<group>";
		};
		87C6ED5C23EC7E880075DDF1 /* LaunchScreen.storyboard */ = {
			isa = PBXVariantGroup;
			children = (
				87C6ED5D23EC7E880075DDF1 /* Base */,
			);
			name = LaunchScreen.storyboard;
			sourceTree = "<group>";
		};
/* End PBXVariantGroup section */

/* Begin XCBuildConfiguration section */
		87C6ED6023EC7E880075DDF1 /* Debug */ = {
			isa = XCBuildConfiguration;
			buildSettings = {
				ALWAYS_SEARCH_USER_PATHS = NO;
				CLANG_ANALYZER_NONNULL = YES;
				CLANG_ANALYZER_NUMBER_OBJECT_CONVERSION = YES_AGGRESSIVE;
				CLANG_CXX_LANGUAGE_STANDARD = "gnu++14";
				CLANG_CXX_LIBRARY = "libc++";
				CLANG_ENABLE_MODULES = YES;
				CLANG_ENABLE_OBJC_ARC = YES;
				CLANG_ENABLE_OBJC_WEAK = YES;
				CLANG_WARN_BLOCK_CAPTURE_AUTORELEASING = YES;
				CLANG_WARN_BOOL_CONVERSION = YES;
				CLANG_WARN_COMMA = YES;
				CLANG_WARN_CONSTANT_CONVERSION = YES;
				CLANG_WARN_DEPRECATED_OBJC_IMPLEMENTATIONS = YES;
				CLANG_WARN_DIRECT_OBJC_ISA_USAGE = YES_ERROR;
				CLANG_WARN_DOCUMENTATION_COMMENTS = YES;
				CLANG_WARN_EMPTY_BODY = YES;
				CLANG_WARN_ENUM_CONVERSION = YES;
				CLANG_WARN_INFINITE_RECURSION = YES;
				CLANG_WARN_INT_CONVERSION = YES;
				CLANG_WARN_NON_LITERAL_NULL_CONVERSION = YES;
				CLANG_WARN_OBJC_IMPLICIT_RETAIN_SELF = YES;
				CLANG_WARN_OBJC_LITERAL_CONVERSION = YES;
				CLANG_WARN_OBJC_ROOT_CLASS = YES_ERROR;
				CLANG_WARN_RANGE_LOOP_ANALYSIS = YES;
				CLANG_WARN_STRICT_PROTOTYPES = YES;
				CLANG_WARN_SUSPICIOUS_MOVE = YES;
				CLANG_WARN_UNGUARDED_AVAILABILITY = YES_AGGRESSIVE;
				CLANG_WARN_UNREACHABLE_CODE = YES;
				CLANG_WARN__DUPLICATE_METHOD_MATCH = YES;
				COPY_PHASE_STRIP = NO;
				DEBUG_INFORMATION_FORMAT = dwarf;
				ENABLE_STRICT_OBJC_MSGSEND = YES;
				ENABLE_TESTABILITY = YES;
				GCC_C_LANGUAGE_STANDARD = gnu11;
				GCC_DYNAMIC_NO_PIC = NO;
				GCC_NO_COMMON_BLOCKS = YES;
				GCC_OPTIMIZATION_LEVEL = 0;
				GCC_PREPROCESSOR_DEFINITIONS = (
					"DEBUG=1",
					"$(inherited)",
				);
				GCC_WARN_64_TO_32_BIT_CONVERSION = YES;
				GCC_WARN_ABOUT_RETURN_TYPE = YES_ERROR;
				GCC_WARN_UNDECLARED_SELECTOR = YES;
				GCC_WARN_UNINITIALIZED_AUTOS = YES_AGGRESSIVE;
				GCC_WARN_UNUSED_FUNCTION = YES;
				GCC_WARN_UNUSED_VARIABLE = YES;
				IPHONEOS_DEPLOYMENT_TARGET = 13.2;
				MTL_ENABLE_DEBUG_INFO = INCLUDE_SOURCE;
				MTL_FAST_MATH = YES;
				ONLY_ACTIVE_ARCH = YES;
				SDKROOT = iphoneos;
				SWIFT_ACTIVE_COMPILATION_CONDITIONS = DEBUG;
				SWIFT_OPTIMIZATION_LEVEL = "-Onone";
			};
			name = Debug;
		};
		87C6ED6123EC7E880075DDF1 /* Release */ = {
			isa = XCBuildConfiguration;
			buildSettings = {
				ALWAYS_SEARCH_USER_PATHS = NO;
				CLANG_ANALYZER_NONNULL = YES;
				CLANG_ANALYZER_NUMBER_OBJECT_CONVERSION = YES_AGGRESSIVE;
				CLANG_CXX_LANGUAGE_STANDARD = "gnu++14";
				CLANG_CXX_LIBRARY = "libc++";
				CLANG_ENABLE_MODULES = YES;
				CLANG_ENABLE_OBJC_ARC = YES;
				CLANG_ENABLE_OBJC_WEAK = YES;
				CLANG_WARN_BLOCK_CAPTURE_AUTORELEASING = YES;
				CLANG_WARN_BOOL_CONVERSION = YES;
				CLANG_WARN_COMMA = YES;
				CLANG_WARN_CONSTANT_CONVERSION = YES;
				CLANG_WARN_DEPRECATED_OBJC_IMPLEMENTATIONS = YES;
				CLANG_WARN_DIRECT_OBJC_ISA_USAGE = YES_ERROR;
				CLANG_WARN_DOCUMENTATION_COMMENTS = YES;
				CLANG_WARN_EMPTY_BODY = YES;
				CLANG_WARN_ENUM_CONVERSION = YES;
				CLANG_WARN_INFINITE_RECURSION = YES;
				CLANG_WARN_INT_CONVERSION = YES;
				CLANG_WARN_NON_LITERAL_NULL_CONVERSION = YES;
				CLANG_WARN_OBJC_IMPLICIT_RETAIN_SELF = YES;
				CLANG_WARN_OBJC_LITERAL_CONVERSION = YES;
				CLANG_WARN_OBJC_ROOT_CLASS = YES_ERROR;
				CLANG_WARN_RANGE_LOOP_ANALYSIS = YES;
				CLANG_WARN_STRICT_PROTOTYPES = YES;
				CLANG_WARN_SUSPICIOUS_MOVE = YES;
				CLANG_WARN_UNGUARDED_AVAILABILITY = YES_AGGRESSIVE;
				CLANG_WARN_UNREACHABLE_CODE = YES;
				CLANG_WARN__DUPLICATE_METHOD_MATCH = YES;
				COPY_PHASE_STRIP = NO;
				DEBUG_INFORMATION_FORMAT = "dwarf-with-dsym";
				ENABLE_NS_ASSERTIONS = NO;
				ENABLE_STRICT_OBJC_MSGSEND = YES;
				GCC_C_LANGUAGE_STANDARD = gnu11;
				GCC_NO_COMMON_BLOCKS = YES;
				GCC_WARN_64_TO_32_BIT_CONVERSION = YES;
				GCC_WARN_ABOUT_RETURN_TYPE = YES_ERROR;
				GCC_WARN_UNDECLARED_SELECTOR = YES;
				GCC_WARN_UNINITIALIZED_AUTOS = YES_AGGRESSIVE;
				GCC_WARN_UNUSED_FUNCTION = YES;
				GCC_WARN_UNUSED_VARIABLE = YES;
				IPHONEOS_DEPLOYMENT_TARGET = 13.2;
				MTL_ENABLE_DEBUG_INFO = NO;
				MTL_FAST_MATH = YES;
				SDKROOT = iphoneos;
				SWIFT_COMPILATION_MODE = wholemodule;
				SWIFT_OPTIMIZATION_LEVEL = "-O";
				VALIDATE_PRODUCT = YES;
			};
			name = Release;
		};
		87C6ED6323EC7E880075DDF1 /* Debug */ = {
			isa = XCBuildConfiguration;
			baseConfigurationReference = C9646CB4E6A1B43B77F39BAF /* Pods-wolfpackTest.debug.xcconfig */;
			buildSettings = {
				ASSETCATALOG_COMPILER_APPICON_NAME = AppIcon;
				CODE_SIGN_STYLE = Automatic;
				DEVELOPMENT_TEAM = 36X2Q4GZ6F;
				INFOPLIST_FILE = wolfpackTest/Info.plist;
				LD_RUNPATH_SEARCH_PATHS = (
					"$(inherited)",
					"@executable_path/Frameworks",
				);
				PRODUCT_BUNDLE_IDENTIFIER = com.todeacatalin.wolfpackTest;
				PRODUCT_NAME = "$(TARGET_NAME)";
				SWIFT_VERSION = 5.0;
				TARGETED_DEVICE_FAMILY = "1,2";
			};
			name = Debug;
		};
		87C6ED6423EC7E880075DDF1 /* Release */ = {
			isa = XCBuildConfiguration;
			baseConfigurationReference = 488B0C55F5E206FDEEDF04CD /* Pods-wolfpackTest.release.xcconfig */;
			buildSettings = {
				ASSETCATALOG_COMPILER_APPICON_NAME = AppIcon;
				CODE_SIGN_STYLE = Automatic;
				DEVELOPMENT_TEAM = 36X2Q4GZ6F;
				INFOPLIST_FILE = wolfpackTest/Info.plist;
				LD_RUNPATH_SEARCH_PATHS = (
					"$(inherited)",
					"@executable_path/Frameworks",
				);
				PRODUCT_BUNDLE_IDENTIFIER = com.todeacatalin.wolfpackTest;
				PRODUCT_NAME = "$(TARGET_NAME)";
				SWIFT_VERSION = 5.0;
				TARGETED_DEVICE_FAMILY = "1,2";
			};
			name = Release;
		};
/* End XCBuildConfiguration section */

/* Begin XCConfigurationList section */
		87C6ED4923EC7E880075DDF1 /* Build configuration list for PBXProject "wolfpackTest" */ = {
			isa = XCConfigurationList;
			buildConfigurations = (
				87C6ED6023EC7E880075DDF1 /* Debug */,
				87C6ED6123EC7E880075DDF1 /* Release */,
			);
			defaultConfigurationIsVisible = 0;
			defaultConfigurationName = Release;
		};
		87C6ED6223EC7E880075DDF1 /* Build configuration list for PBXNativeTarget "wolfpackTest" */ = {
			isa = XCConfigurationList;
			buildConfigurations = (
				87C6ED6323EC7E880075DDF1 /* Debug */,
				87C6ED6423EC7E880075DDF1 /* Release */,
			);
			defaultConfigurationIsVisible = 0;
			defaultConfigurationName = Release;
		};
/* End XCConfigurationList section */
	};
	rootObject = 87C6ED4623EC7E880075DDF1 /* Project object */;
}
